
Microsoft Visual Studio Solution File, Format Version 12.00
# Visual Studio 15
VisualStudioVersion = 15.0.28307.106
MinimumVisualStudioVersion = 10.0.40219.1
Project("{FAE04EC0-301F-11D3-BF4B-00C04F79EFBC}") = "APA Reference App", "APA Reference App\APA Reference App.csproj", "{9808021E-52D6-4838-B19B-4E357D6ADD34}"
EndProject
Global
	GlobalSection(SolutionConfigurationPlatforms) = preSolution
		Debug|Any CPU = Debug|Any CPU
		Release|Any CPU = Release|Any CPU
	EndGlobalSection
	GlobalSection(ProjectConfigurationPlatforms) = postSolution
		{9808021E-52D6-4838-B19B-4E357D6ADD34}.Debug|Any CPU.ActiveCfg = Debug|Any CPU
		{9808021E-52D6-4838-B19B-4E357D6ADD34}.Debug|Any CPU.Build.0 = Debug|Any CPU
		{9808021E-52D6-4838-B19B-4E357D6ADD34}.Release|Any CPU.ActiveCfg = Release|Any CPU
		{9808021E-52D6-4838-B19B-4E357D6ADD34}.Release|Any CPU.Build.0 = Release|Any CPU
	EndGlobalSection
	GlobalSection(SolutionProperties) = preSolution
		HideSolutionNode = FALSE
	EndGlobalSection
	GlobalSection(ExtensibilityGlobals) = postSolution
		SolutionGuid = {C86CBF40-AB83-4F1B-9C9F-0DD5707F85E9}
	EndGlobalSection
EndGlobal
